Microsoft Visual Studio Solution File, Format Version 12.00
# Visual Studio Version 17
VisualStudioVersion = 17.5.2.0
MinimumVisualStudioVersion = 10.0.40219.1
Project("{FAE04EC0-301F-11D3-BF4B-00C04F79EFBC}") = "CRMAdvanced", "CRMAdvanced\CRMAdvanced.csproj", "{D6EEEC00-A0E3-EE2A-DEB7-B33AC8AAA8BA}"
EndProject
Global
	GlobalSection(SolutionConfigurationPlatforms) = preSolution
		Debug|Any CPU = Debug|Any CPU
		Release|Any CPU = Release|Any CPU
	EndGlobalSection
	GlobalSection(ProjectConfigurationPlatforms) = postSolution
		{D6EEEC00-A0E3-EE2A-DEB7-B33AC8AAA8BA}.Debug|Any CPU.ActiveCfg = Debug|Any CPU
		{D6EEEC00-A0E3-EE2A-DEB7-B33AC8AAA8BA}.Debug|Any CPU.Build.0 = Debug|Any CPU
		{D6EEEC00-A0E3-EE2A-DEB7-B33AC8AAA8BA}.Release|Any CPU.ActiveCfg = Release|Any CPU
		{D6EEEC00-A0E3-EE2A-DEB7-B33AC8AAA8BA}.Release|Any CPU.Build.0 = Release|Any CPU
	EndGlobalSection
	GlobalSection(SolutionProperties) = preSolution
		HideSolutionNode = FALSE
	EndGlobalSection
	GlobalSection(ExtensibilityGlobals) = postSolution
		SolutionGuid = {50415F3B-4529-464F-BE7B-F601DF3AE216}
	EndGlobalSection
EndGlobal
